
Microsoft Visual Studio Solution File, Format Version 12.00
# Visual Studio Version 16
VisualStudioVersion = 16.0.29306.81
MinimumVisualStudioVersion = 10.0.40219.1
Project("{FAE04EC0-301F-11D3-BF4B-00C04F79EFBC}") = "EmployeeCRUDDemonstration", "EmployeeCRUDDemonstration\EmployeeCRUDDemonstration.csproj", "{92F50ABE-1B1A-4D15-8013-7439E7B688FD}"
EndProject
Global
	GlobalSection(SolutionConfigurationPlatforms) = preSolution
		Debug|Any CPU = Debug|Any CPU
		Release|Any CPU = Release|Any CPU
	EndGlobalSection
	GlobalSection(ProjectConfigurationPlatforms) = postSolution
		{92F50ABE-1B1A-4D15-8013-7439E7B688FD}.Debug|Any CPU.ActiveCfg = Debug|Any CPU
		{92F50ABE-1B1A-4D15-8013-7439E7B688FD}.Debug|Any CPU.Build.0 = Debug|Any CPU
		{92F50ABE-1B1A-4D15-8013-7439E7B688FD}.Release|Any CPU.ActiveCfg = Release|Any CPU
		{92F50ABE-1B1A-4D15-8013-7439E7B688FD}.Release|Any CPU.Build.0 = Release|Any CPU
	EndGlobalSection
	GlobalSection(SolutionProperties) = preSolution
		HideSolutionNode = FALSE
	EndGlobalSection
	GlobalSection(ExtensibilityGlobals) = postSolution
		SolutionGuid = {C2801D1E-124E-47FF-BA0F-05617C68853A}
	EndGlobalSection
EndGlobal
